<?xml version="1.0" encoding="utf-8"?>
<Project ToolsVersion="4.0" xmlns="http://schemas.microsoft.com/developer/msbuild/2003">
  <ItemGroup>
    <Filter Include="Source Files">
      <UniqueIdentifier>{4FC737F1-C7A5-4376-A066-2A32D752A2FF}</UniqueIdentifier>
      <Extensions>cpp;c;cc;cxx;c++;cppm;ixx;def;odl;idl;hpj;bat;asm;asmx</Extensions>
    </Filter>
    <Filter Include="Header Files">
      <UniqueIdentifier>{93995380-89BD-4b04-88EB-625FBE52EBFB}</UniqueIdentifier>
      <Extensions>h;hh;hpp;hxx;h++;hm;inl;inc;ipp;xsd</Extensions>
    </Filter>
    <Filter Include="Resource Files">
      <UniqueIdentifier>{67DA6AB6-F800-4c08-8B7A-83BB121AAD01}</UniqueIdentifier>
      <Extensions>rc;ico;cur;bmp;dlg;rc2;rct;bin;rgs;gif;jpg;jpeg;jpe;resx;tiff;tif;png;wav;mfcribbon-ms</Extensions>
    </Filter>
    <Filter Include="Source Files\ImguiHelper">
      <UniqueIdentifier>{7bf7b89e-e339-4b8e-afcd-3ff854a99f22}</UniqueIdentifier>
    </Filter>
    <Filter Include="Source Files\Imgui">
      <UniqueIdentifier>{bc8a3880-05c3-48ca-baed-433034b0c686}</UniqueIdentifier>
    </Filter>
    <Filter Include="Source Files\Imguizmo">
      <UniqueIdentifier>{13edda57-9c49-4319-9446-38ba6ce936a0}</UniqueIdentifier>
    </Filter>
    <Filter Include="Source Files\Scripting">
      <UniqueIdentifier>{aa89c469-d515-4775-8332-decb37dd3645}</UniqueIdentifier>
    </Filter>
    <Filter Include="Source Files\ECS">
      <UniqueIdentifier>{178c158a-720d-4a5c-8b81-d90e620da343}</UniqueIdentifier>
    </Filter>
    <Filter Include="Source Files\ECS\Components">
      <UniqueIdentifier>{2ab88061-e3ad-4630-94f1-3a5c08c65c37}</UniqueIdentifier>
    </Filter>
    <Filter Include="Source Files\ECS\Systems">
      <UniqueIdentifier>{27131b65-b53c-4195-b577-8012e999bc7d}</UniqueIdentifier>
    </Filter>
    <Filter Include="Source Files\ECS\Systems\Imaginary">
      <UniqueIdentifier>{372aaf41-b46d-4d7f-9e5e-b868df14d2f9}</UniqueIdentifier>
    </Filter>
    <Filter Include="Source Files\Input">
      <UniqueIdentifier>{745812e4-c280-44e8-81bf-2219c052b00e}</UniqueIdentifier>
    </Filter>
    <Filter Include="Source Files\ResourceAllocator">
      <UniqueIdentifier>{5349901d-a3e1-4658-8469-8e3c4d4ec5bf}</UniqueIdentifier>
    </Filter>
    <Filter Include="Source Files\AssetCompiler">
      <UniqueIdentifier>{d438e707-a1b8-4644-b20c-4796e32846ff}</UniqueIdentifier>
    </Filter>
    <Filter Include="Source Files\Serialiser">
      <UniqueIdentifier>{e4701d30-6323-44af-9e4a-355c6917d653}</UniqueIdentifier>
    </Filter>
  </ItemGroup>
  <ItemGroup>
    <ClCompile Include="Src\ImguiHelper.cpp">
      <Filter>Source Files\ImguiHelper</Filter>
    </ClCompile>
    <ClCompile Include="Src\main.cpp">
      <Filter>Source Files</Filter>
    </ClCompile>
    <ClCompile Include="Src\ScriptBinder.cpp">
      <Filter>Source Files\Scripting</Filter>
    </ClCompile>
    <ClCompile Include="Src\ScriptSystem.cpp">
      <Filter>Source Files\Scripting</Filter>
    </ClCompile>
    <ClCompile Include="Src\ECS\ECS.cpp">
      <Filter>Source Files\ECS</Filter>
    </ClCompile>
    <ClCompile Include="Src\ECS\Entity.cpp">
      <Filter>Source Files\ECS</Filter>
    </ClCompile>
    <ClCompile Include="Src\ECS\Systems\imaginary_system.cpp">
      <Filter>Source Files\ECS\Systems\Imaginary</Filter>
    </ClCompile>
    <ClCompile Include="Src\Input\GLFWInput.cpp">
      <Filter>Source Files\Input</Filter>
    </ClCompile>
    <ClCompile Include="Src\Input\InputSystem.cpp">
      <Filter>Source Files\Input</Filter>
    </ClCompile>
    <ClCompile Include="Src\ContentBrowser.cpp">
      <Filter>Source Files\ImguiHelper</Filter>
    </ClCompile>
    <ClCompile Include="..\Libs\IMGUI\imgui.cpp">
      <Filter>Source Files\Imgui</Filter>
    </ClCompile>
    <ClCompile Include="..\Libs\IMGUI\imgui_demo.cpp">
      <Filter>Source Files\Imgui</Filter>
    </ClCompile>
    <ClCompile Include="..\Libs\IMGUI\imgui_draw.cpp">
      <Filter>Source Files\Imgui</Filter>
    </ClCompile>
    <ClCompile Include="..\Libs\IMGUI\imgui_impl_glfw.cpp">
      <Filter>Source Files\Imgui</Filter>
    </ClCompile>
    <ClCompile Include="..\Libs\IMGUI\imgui_impl_opengl3.cpp">
      <Filter>Source Files\Imgui</Filter>
    </ClCompile>
    <ClCompile Include="..\Libs\IMGUI\imgui_tables.cpp">
      <Filter>Source Files\Imgui</Filter>
    </ClCompile>
    <ClCompile Include="..\Libs\IMGUI\imgui_widgets.cpp">
      <Filter>Source Files\Imgui</Filter>
    </ClCompile>
    <ClCompile Include="..\Libs\IMGUIZMO\ImCurveEdit.cpp">
      <Filter>Source Files\Imguizmo</Filter>
    </ClCompile>
    <ClCompile Include="..\Libs\IMGUIZMO\ImGradient.cpp">
      <Filter>Source Files\Imguizmo</Filter>
    </ClCompile>
    <ClCompile Include="..\Libs\IMGUIZMO\ImGuizmo.cpp">
      <Filter>Source Files\Imguizmo</Filter>
    </ClCompile>
    <ClCompile Include="..\Libs\IMGUIZMO\ImSequencer.cpp">
      <Filter>Source Files\Imguizmo</Filter>
    </ClCompile>
    <ClCompile Include="Src\AssetCompiler.cpp">
      <Filter>Source Files\AssetCompiler</Filter>
    </ClCompile>
    <ClCompile Include="Src\Serialiser\Serializer.cpp">
      <Filter>Source Files\Serialiser</Filter>
    </ClCompile>
    <ClCompile Include="Src\FileHandler.cpp">
      <Filter>Source Files\AssetCompiler</Filter>
    </ClCompile>
  </ItemGroup>
  <ItemGroup>
    <ClInclude Include="Src\ImguiHelper.h">
      <Filter>Source Files\ImguiHelper</Filter>
    </ClInclude>
    <ClInclude Include="Src\ScriptBinder.h">
      <Filter>Source Files\Scripting</Filter>
    </ClInclude>
    <ClInclude Include="Src\ScriptSystem.h">
      <Filter>Source Files\Scripting</Filter>
    </ClInclude>
    <ClInclude Include="Src\ECS\ECS.h">
      <Filter>Source Files\ECS</Filter>
    </ClInclude>
    <ClInclude Include="Src\ECS\Entity.h">
      <Filter>Source Files\ECS</Filter>
    </ClInclude>
    <ClInclude Include="Src\ECS\Components\Components.h">
      <Filter>Source Files\ECS\Components</Filter>
    </ClInclude>
    <ClInclude Include="Src\ECS\Systems\imaginary_system.h">
      <Filter>Source Files\ECS\Systems\Imaginary</Filter>
    </ClInclude>
    <ClInclude Include="Src\Input\GLFWInput.h">
      <Filter>Source Files\Input</Filter>
    </ClInclude>
    <ClInclude Include="Src\Input\InputSystem.h">
      <Filter>Source Files\Input</Filter>
    </ClInclude>
    <ClInclude Include="Src\ContentBrowser.h">
      <Filter>Source Files\ImguiHelper</Filter>
    </ClInclude>
    <ClInclude Include="Src\ResourceAllocator.hpp">
      <Filter>Source Files\ResourceAllocator</Filter>
    </ClInclude>
    <ClInclude Include="..\Libs\IMGUI\imconfig.h">
      <Filter>Source Files\Imgui</Filter>
    </ClInclude>
    <ClInclude Include="..\Libs\IMGUI\imgui.h">
      <Filter>Source Files\Imgui</Filter>
    </ClInclude>
    <ClInclude Include="..\Libs\IMGUI\imgui_impl_glfw.h">
      <Filter>Source Files\Imgui</Filter>
    </ClInclude>
    <ClInclude Include="..\Libs\IMGUI\imgui_impl_opengl3.h">
      <Filter>Source Files\Imgui</Filter>
    </ClInclude>
    <ClInclude Include="..\Libs\IMGUI\imgui_internal.h">
      <Filter>Source Files\Imgui</Filter>
    </ClInclude>
    <ClInclude Include="..\Libs\IMGUI\ImGuiExtraStyles.h">
      <Filter>Source Files\Imgui</Filter>
    </ClInclude>
    <ClInclude Include="..\Libs\IMGUI\imstb_rectpack.h">
      <Filter>Source Files\Imgui</Filter>
    </ClInclude>
    <ClInclude Include="..\Libs\IMGUI\imstb_textedit.h">
      <Filter>Source Files\Imgui</Filter>
    </ClInclude>
    <ClInclude Include="..\Libs\IMGUI\imstb_truetype.h">
      <Filter>Source Files\Imgui</Filter>
    </ClInclude>
    <ClInclude Include="..\Libs\IMGUIZMO\ImCurveEdit.h">
      <Filter>Source Files\Imguizmo</Filter>
    </ClInclude>
    <ClInclude Include="..\Libs\IMGUIZMO\ImGradient.h">
      <Filter>Source Files\Imguizmo</Filter>
    </ClInclude>
    <ClInclude Include="..\Libs\IMGUIZMO\ImGuizmo.h">
      <Filter>Source Files\Imguizmo</Filter>
    </ClInclude>
    <ClInclude Include="..\Libs\IMGUIZMO\ImSequencer.h">
      <Filter>Source Files\Imguizmo</Filter>
    </ClInclude>
    <ClInclude Include="..\Libs\IMGUIZMO\ImZoomSlider.h">
      <Filter>Source Files\Imguizmo</Filter>
    </ClInclude>
    <ClInclude Include="Src\AssetCompiler.h">
      <Filter>Source Files\AssetCompiler</Filter>
    </ClInclude>
    <ClInclude Include="Src\Serialiser\Serializer.h">
      <Filter>Source Files\Serialiser</Filter>
    </ClInclude>
    <ClInclude Include="Src\FileHandler.h">
      <Filter>Source Files\AssetCompiler</Filter>
    </ClInclude>
  </ItemGroup>
</Project>