<?xml version="1.0" encoding="utf-8"?>
<Project ToolsVersion="4.0" xmlns="http://schemas.microsoft.com/developer/msbuild/2003">
  <ItemGroup>
    <Filter Include="Source Files">
      <UniqueIdentifier>{4FC737F1-C7A5-4376-A066-2A32D752A2FF}</UniqueIdentifier>
      <Extensions>cpp;c;cc;cxx;c++;cppm;ixx;def;odl;idl;hpj;bat;asm;asmx</Extensions>
    </Filter>
    <Filter Include="Header Files">
      <UniqueIdentifier>{93995380-89BD-4b04-88EB-625FBE52EBFB}</UniqueIdentifier>
      <Extensions>h;hh;hpp;hxx;h++;hm;inl;inc;ipp;xsd</Extensions>
    </Filter>
    <Filter Include="Resource Files">
      <UniqueIdentifier>{67DA6AB6-F800-4c08-8B7A-83BB121AAD01}</UniqueIdentifier>
      <Extensions>rc;ico;cur;bmp;dlg;rc2;rct;bin;rgs;gif;jpg;jpeg;jpe;resx;tiff;tif;png;wav;mfcribbon-ms</Extensions>
    </Filter>
    <Filter Include="Source Files\ImguiHelper">
      <UniqueIdentifier>{7bf7b89e-e339-4b8e-afcd-3ff854a99f22}</UniqueIdentifier>
    </Filter>
    <Filter Include="Source Files\Imgui">
      <UniqueIdentifier>{bc8a3880-05c3-48ca-baed-433034b0c686}</UniqueIdentifier>
    </Filter>
    <Filter Include="Source Files\Imguizmo">
      <UniqueIdentifier>{13edda57-9c49-4319-9446-38ba6ce936a0}</UniqueIdentifier>
    </Filter>
  </ItemGroup>
  <ItemGroup>
    <ClCompile Include="Src\ImguiHelper.cpp">
      <Filter>Source Files\ImguiHelper</Filter>
    </ClCompile>
    <ClCompile Include="Src\main.cpp">
      <Filter>Source Files</Filter>
    </ClCompile>
    <ClCompile Include="Libs\IMGUI\imgui.cpp">
      <Filter>Source Files\Imgui</Filter>
    </ClCompile>
    <ClCompile Include="Libs\IMGUI\imgui_demo.cpp">
      <Filter>Source Files\Imgui</Filter>
    </ClCompile>
    <ClCompile Include="Libs\IMGUI\imgui_draw.cpp">
      <Filter>Source Files\Imgui</Filter>
    </ClCompile>
    <ClCompile Include="Libs\IMGUI\imgui_impl_glfw.cpp">
      <Filter>Source Files\Imgui</Filter>
    </ClCompile>
    <ClCompile Include="Libs\IMGUI\imgui_impl_opengl3.cpp">
      <Filter>Source Files\Imgui</Filter>
    </ClCompile>
    <ClCompile Include="Libs\IMGUI\imgui_tables.cpp">
      <Filter>Source Files\Imgui</Filter>
    </ClCompile>
    <ClCompile Include="Libs\IMGUI\imgui_widgets.cpp">
      <Filter>Source Files\Imgui</Filter>
    </ClCompile>
    <ClCompile Include="Libs\IMGUIZMO\ImCurveEdit.cpp">
      <Filter>Source Files\Imguizmo</Filter>
    </ClCompile>
    <ClCompile Include="Libs\IMGUIZMO\ImGradient.cpp">
      <Filter>Source Files\Imguizmo</Filter>
    </ClCompile>
    <ClCompile Include="Libs\IMGUIZMO\ImGuizmo.cpp">
      <Filter>Source Files\Imguizmo</Filter>
    </ClCompile>
    <ClCompile Include="Libs\IMGUIZMO\ImSequencer.cpp">
      <Filter>Source Files\Imguizmo</Filter>
    </ClCompile>
  </ItemGroup>
  <ItemGroup>
    <ClInclude Include="Src\ImguiHelper.h">
      <Filter>Source Files\ImguiHelper</Filter>
    </ClInclude>
    <ClInclude Include="Libs\IMGUI\imconfig.h">
      <Filter>Source Files\Imgui</Filter>
    </ClInclude>
    <ClInclude Include="Libs\IMGUI\imgui.h">
      <Filter>Source Files\Imgui</Filter>
    </ClInclude>
    <ClInclude Include="Libs\IMGUI\imgui_impl_glfw.h">
      <Filter>Source Files\Imgui</Filter>
    </ClInclude>
    <ClInclude Include="Libs\IMGUI\imgui_impl_opengl3.h">
      <Filter>Source Files\Imgui</Filter>
    </ClInclude>
    <ClInclude Include="Libs\IMGUI\imgui_internal.h">
      <Filter>Source Files\Imgui</Filter>
    </ClInclude>
    <ClInclude Include="Libs\IMGUI\ImGuiExtraStyles.h">
      <Filter>Source Files\Imgui</Filter>
    </ClInclude>
    <ClInclude Include="Libs\IMGUI\imstb_rectpack.h">
      <Filter>Source Files\Imgui</Filter>
    </ClInclude>
    <ClInclude Include="Libs\IMGUI\imstb_textedit.h">
      <Filter>Source Files\Imgui</Filter>
    </ClInclude>
    <ClInclude Include="Libs\IMGUI\imstb_truetype.h">
      <Filter>Source Files\Imgui</Filter>
    </ClInclude>
    <ClInclude Include="Libs\IMGUIZMO\ImCurveEdit.h">
      <Filter>Source Files\Imguizmo</Filter>
    </ClInclude>
    <ClInclude Include="Libs\IMGUIZMO\ImGradient.h">
      <Filter>Source Files\Imguizmo</Filter>
    </ClInclude>
    <ClInclude Include="Libs\IMGUIZMO\ImGuizmo.h">
      <Filter>Source Files\Imguizmo</Filter>
    </ClInclude>
    <ClInclude Include="Libs\IMGUIZMO\ImSequencer.h">
      <Filter>Source Files\Imguizmo</Filter>
    </ClInclude>
    <ClInclude Include="Libs\IMGUIZMO\ImZoomSlider.h">
      <Filter>Source Files\Imguizmo</Filter>
    </ClInclude>
  </ItemGroup>
</Project>