
Microsoft Visual Studio Solution File, Format Version 12.00
# Visual Studio Version 16
VisualStudioVersion = 16.0.30523.141
MinimumVisualStudioVersion = 10.0.40219.1
Project("{8BC9CEB8-8B4A-11D0-8D11-00A0C91BC942}") = "Pogplant", "Pogplant\Pogplant.vcxproj", "{A0FBCD3D-83A0-498A-A91F-9F25751D3A9B}"
EndProject
Project("{8BC9CEB8-8B4A-11D0-8D11-00A0C91BC942}") = "Pogplant Driver", "Pogplant Driver\Pogplant Driver.vcxproj", "{2F88D911-792E-40A4-A5D3-3ADE64825F93}"
	ProjectSection(ProjectDependencies) = postProject
		{A0FBCD3D-83A0-498A-A91F-9F25751D3A9B} = {A0FBCD3D-83A0-498A-A91F-9F25751D3A9B}
		{80D03A77-019E-4213-8C60-416B0EAA80AD} = {80D03A77-019E-4213-8C60-416B0EAA80AD}
		{219AEB91-A767-43D4-9358-33CEF129F95C} = {219AEB91-A767-43D4-9358-33CEF129F95C}
		{5BDB65D7-B800-4F53-93A2-322A0F23BB51} = {5BDB65D7-B800-4F53-93A2-322A0F23BB51}
	EndProjectSection
EndProject
Project("{FAE04EC0-301F-11D3-BF4B-00C04F79EFBC}") = "Scripting", "Scripting\Scripting.csproj", "{219AEB91-A767-43D4-9358-33CEF129F95C}"
EndProject
Project("{8BC9CEB8-8B4A-11D0-8D11-00A0C91BC942}") = "PhysicsDLC", "PhysicsDLC\PhysicsDLC.vcxproj", "{5BDB65D7-B800-4F53-93A2-322A0F23BB51}"
EndProject
Project("{8BC9CEB8-8B4A-11D0-8D11-00A0C91BC942}") = "Pogplant Compiler", "Pogplant Driver\Pogplant Compiler.vcxproj", "{80D03A77-019E-4213-8C60-416B0EAA80AD}"
EndProject
Global
	GlobalSection(SolutionConfigurationPlatforms) = preSolution
		Debug|Any CPU = Debug|Any CPU
		Debug|x64 = Debug|x64
		Release|Any CPU = Release|Any CPU
		Release|x64 = Release|x64
	EndGlobalSection
	GlobalSection(ProjectConfigurationPlatforms) = postSolution
		{A0FBCD3D-83A0-498A-A91F-9F25751D3A9B}.Debug|Any CPU.ActiveCfg = Debug|x64
		{A0FBCD3D-83A0-498A-A91F-9F25751D3A9B}.Debug|x64.ActiveCfg = Debug|x64
		{A0FBCD3D-83A0-498A-A91F-9F25751D3A9B}.Debug|x64.Build.0 = Debug|x64
		{A0FBCD3D-83A0-498A-A91F-9F25751D3A9B}.Release|Any CPU.ActiveCfg = Release|x64
		{A0FBCD3D-83A0-498A-A91F-9F25751D3A9B}.Release|x64.ActiveCfg = Release|x64
		{A0FBCD3D-83A0-498A-A91F-9F25751D3A9B}.Release|x64.Build.0 = Release|x64
		{2F88D911-792E-40A4-A5D3-3ADE64825F93}.Debug|Any CPU.ActiveCfg = Debug|Win32
		{2F88D911-792E-40A4-A5D3-3ADE64825F93}.Debug|x64.ActiveCfg = Debug|x64
		{2F88D911-792E-40A4-A5D3-3ADE64825F93}.Debug|x64.Build.0 = Debug|x64
		{2F88D911-792E-40A4-A5D3-3ADE64825F93}.Release|Any CPU.ActiveCfg = Release|Win32
		{2F88D911-792E-40A4-A5D3-3ADE64825F93}.Release|x64.ActiveCfg = Release|x64
		{2F88D911-792E-40A4-A5D3-3ADE64825F93}.Release|x64.Build.0 = Release|x64
		{219AEB91-A767-43D4-9358-33CEF129F95C}.Debug|Any CPU.ActiveCfg = Debug|Any CPU
		{219AEB91-A767-43D4-9358-33CEF129F95C}.Debug|Any CPU.Build.0 = Debug|Any CPU
		{219AEB91-A767-43D4-9358-33CEF129F95C}.Debug|x64.ActiveCfg = Debug|Any CPU
		{219AEB91-A767-43D4-9358-33CEF129F95C}.Debug|x64.Build.0 = Debug|Any CPU
		{219AEB91-A767-43D4-9358-33CEF129F95C}.Release|Any CPU.ActiveCfg = Release|Any CPU
		{219AEB91-A767-43D4-9358-33CEF129F95C}.Release|Any CPU.Build.0 = Release|Any CPU
		{219AEB91-A767-43D4-9358-33CEF129F95C}.Release|x64.ActiveCfg = Release|Any CPU
		{219AEB91-A767-43D4-9358-33CEF129F95C}.Release|x64.Build.0 = Release|Any CPU
		{5BDB65D7-B800-4F53-93A2-322A0F23BB51}.Debug|Any CPU.ActiveCfg = Debug|x64
		{5BDB65D7-B800-4F53-93A2-322A0F23BB51}.Debug|x64.ActiveCfg = Debug|x64
		{5BDB65D7-B800-4F53-93A2-322A0F23BB51}.Debug|x64.Build.0 = Debug|x64
		{5BDB65D7-B800-4F53-93A2-322A0F23BB51}.Release|Any CPU.ActiveCfg = Release|x64
		{5BDB65D7-B800-4F53-93A2-322A0F23BB51}.Release|x64.ActiveCfg = Release|x64
		{5BDB65D7-B800-4F53-93A2-322A0F23BB51}.Release|x64.Build.0 = Release|x64
		{80D03A77-019E-4213-8C60-416B0EAA80AD}.Debug|Any CPU.ActiveCfg = Debug|Win32
		{80D03A77-019E-4213-8C60-416B0EAA80AD}.Debug|x64.ActiveCfg = Debug|x64
		{80D03A77-019E-4213-8C60-416B0EAA80AD}.Debug|x64.Build.0 = Debug|x64
		{80D03A77-019E-4213-8C60-416B0EAA80AD}.Release|Any CPU.ActiveCfg = Release|Win32
		{80D03A77-019E-4213-8C60-416B0EAA80AD}.Release|x64.ActiveCfg = Release|x64
		{80D03A77-019E-4213-8C60-416B0EAA80AD}.Release|x64.Build.0 = Release|x64
	EndGlobalSection
	GlobalSection(SolutionProperties) = preSolution
		HideSolutionNode = FALSE
	EndGlobalSection
	GlobalSection(ExtensibilityGlobals) = postSolution
		SolutionGuid = {9B0152E2-9469-4EAF-BEE0-20B61B7325AD}
	EndGlobalSection
EndGlobal
