<?xml version="1.0" encoding="utf-8"?>
<Project ToolsVersion="4.0" xmlns="http://schemas.microsoft.com/developer/msbuild/2003">
  <ItemGroup>
    <Filter Include="Source Files">
      <UniqueIdentifier>{4FC737F1-C7A5-4376-A066-2A32D752A2FF}</UniqueIdentifier>
      <Extensions>cpp;c;cc;cxx;c++;cppm;ixx;def;odl;idl;hpj;bat;asm;asmx</Extensions>
    </Filter>
    <Filter Include="Header Files">
      <UniqueIdentifier>{93995380-89BD-4b04-88EB-625FBE52EBFB}</UniqueIdentifier>
      <Extensions>h;hh;hpp;hxx;h++;hm;inl;inc;ipp;xsd</Extensions>
    </Filter>
    <Filter Include="Resource Files">
      <UniqueIdentifier>{67DA6AB6-F800-4c08-8B7A-83BB121AAD01}</UniqueIdentifier>
      <Extensions>rc;ico;cur;bmp;dlg;rc2;rct;bin;rgs;gif;jpg;jpeg;jpe;resx;tiff;tif;png;wav;mfcribbon-ms</Extensions>
    </Filter>
    <Filter Include="Source Files\Window">
      <UniqueIdentifier>{23dd0d54-7051-4f44-8c39-7412463141c1}</UniqueIdentifier>
    </Filter>
    <Filter Include="Source Files\Graphics">
      <UniqueIdentifier>{74bed6fd-3848-4f13-a289-61d698aef94f}</UniqueIdentifier>
    </Filter>
    <Filter Include="Source Files\Graphics\Renderer">
      <UniqueIdentifier>{bf0245aa-8bfc-4085-9dd6-b85fbfa56ea7}</UniqueIdentifier>
    </Filter>
    <Filter Include="Source Files\Graphics\Mesh">
      <UniqueIdentifier>{b1f2efb7-2da9-4771-9579-a51750cb3d3a}</UniqueIdentifier>
    </Filter>
    <Filter Include="Source Files\Graphics\Mesh\MeshBuilder">
      <UniqueIdentifier>{93ea4051-3056-4952-b80e-1d8b2dbcf470}</UniqueIdentifier>
    </Filter>
    <Filter Include="Source Files\Camera">
      <UniqueIdentifier>{71f4df85-95c9-48cd-b20a-5021ed1cf75a}</UniqueIdentifier>
    </Filter>
    <Filter Include="Source Files\Graphics\Mesh\MeshResource">
      <UniqueIdentifier>{6a8e81d2-09fc-4123-be58-f0a25f1790bf}</UniqueIdentifier>
    </Filter>
    <Filter Include="Source Files\Graphics\Mesh\MeshInstance">
      <UniqueIdentifier>{b8e0f5ee-6c1e-4d11-881b-e509387b2c9f}</UniqueIdentifier>
    </Filter>
  </ItemGroup>
  <ItemGroup>
    <ClInclude Include="Src\Pogplant.h">
      <Filter>Source Files</Filter>
    </ClInclude>
    <ClInclude Include="Src\Window.h">
      <Filter>Source Files\Window</Filter>
    </ClInclude>
    <ClInclude Include="Src\Renderer.h">
      <Filter>Source Files\Graphics\Renderer</Filter>
    </ClInclude>
    <ClInclude Include="Src\MeshBuilder.h">
      <Filter>Source Files\Graphics\Mesh\MeshBuilder</Filter>
    </ClInclude>
    <ClInclude Include="Src\Mesh.h">
      <Filter>Source Files\Graphics\Mesh</Filter>
    </ClInclude>
    <ClInclude Include="Src\MeshResource.h">
      <Filter>Source Files\Graphics\Mesh\MeshResource</Filter>
    </ClInclude>
    <ClInclude Include="Src\MeshInstance.h">
      <Filter>Source Files\Graphics\Mesh\MeshInstance</Filter>
    </ClInclude>
  </ItemGroup>
  <ItemGroup>
    <ClCompile Include="Src\Window.cpp">
      <Filter>Source Files\Window</Filter>
    </ClCompile>
    <ClCompile Include="Src\Renderer.cpp">
      <Filter>Source Files\Graphics\Renderer</Filter>
    </ClCompile>
    <ClCompile Include="Src\MeshBuilder.cpp">
      <Filter>Source Files\Graphics\Mesh\MeshBuilder</Filter>
    </ClCompile>
    <ClCompile Include="Src\Mesh.cpp">
      <Filter>Source Files\Graphics\Mesh</Filter>
    </ClCompile>
    <ClCompile Include="Src\MeshResource.cpp">
      <Filter>Source Files\Graphics\Mesh\MeshResource</Filter>
    </ClCompile>
    <ClCompile Include="Src\MeshInstance.cpp">
      <Filter>Source Files\Graphics\Mesh\MeshInstance</Filter>
    </ClCompile>
  </ItemGroup>
</Project>